
Microsoft Visual Studio Solution File, Format Version 12.00
# Visual Studio Version 17
VisualStudioVersion = 17.5.33530.505
MinimumVisualStudioVersion = 10.0.40219.1
Project("{FAE04EC0-301F-11D3-BF4B-00C04F79EFBC}") = "p1.1", "ConsoleApp13\p1.1.csproj", "{238EEA73-87A3-4FD4-85ED-5631DEF4AC6B}"
EndProject
Project("{FAE04EC0-301F-11D3-BF4B-00C04F79EFBC}") = "p1.2", "p2\p1.2.csproj", "{BC1AB1A6-407D-4677-B4B5-B4852C7716F6}"
EndProject
Project("{FAE04EC0-301F-11D3-BF4B-00C04F79EFBC}") = "p1.3", "p3\p1.3.csproj", "{DC2284E4-A934-4452-9965-990620386710}"
EndProject
Project("{FAE04EC0-301F-11D3-BF4B-00C04F79EFBC}") = "p2.1", "p2.1\p2.1.csproj", "{553C97BD-27C3-41E4-BD41-8453D9D1FD8F}"
EndProject
Project("{FAE04EC0-301F-11D3-BF4B-00C04F79EFBC}") = "p2.2", "p2.2\p2.2.csproj", "{28AEEA7A-8DEF-4D3B-AB6D-E2ED92CC5A00}"
EndProject
Project("{FAE04EC0-301F-11D3-BF4B-00C04F79EFBC}") = "p2.3", "p2.3\p2.3.csproj", "{7EC94E18-D8F6-43CA-9878-E1BBEBE128BC}"
EndProject
Project("{FAE04EC0-301F-11D3-BF4B-00C04F79EFBC}") = "p2.4", "p2.4\p2.4.csproj", "{7726C528-C0E7-4A8D-B7E6-55AA1CC430C7}"
EndProject
Project("{FAE04EC0-301F-11D3-BF4B-00C04F79EFBC}") = "p2.5", "p2.5\p2.5.csproj", "{F144C8EF-3512-40CF-8E8F-256CDA751B04}"
EndProject
Project("{FAE04EC0-301F-11D3-BF4B-00C04F79EFBC}") = "p3.1", "p3.1\p3.1.csproj", "{73296499-9B8C-4446-B575-163199905B58}"
EndProject
Project("{FAE04EC0-301F-11D3-BF4B-00C04F79EFBC}") = "p3.2", "p3.2\p3.2.csproj", "{F1906A49-247E-4E78-A2E8-82E0C1338091}"
EndProject
Project("{FAE04EC0-301F-11D3-BF4B-00C04F79EFBC}") = "p3.3", "p3.3\p3.3.csproj", "{E761443D-5F56-411C-9B7C-BE44EC4820EE}"
EndProject
Project("{FAE04EC0-301F-11D3-BF4B-00C04F79EFBC}") = "p4", "p4\p4.csproj", "{93CC2E4D-CE9B-4F3C-998A-B56E1CEAF1B2}"
EndProject
Global
	GlobalSection(SolutionConfigurationPlatforms) = preSolution
		Debug|Any CPU = Debug|Any CPU
		Release|Any CPU = Release|Any CPU
	EndGlobalSection
	GlobalSection(ProjectConfigurationPlatforms) = postSolution
		{238EEA73-87A3-4FD4-85ED-5631DEF4AC6B}.Debug|Any CPU.ActiveCfg = Debug|Any CPU
		{238EEA73-87A3-4FD4-85ED-5631DEF4AC6B}.Debug|Any CPU.Build.0 = Debug|Any CPU
		{238EEA73-87A3-4FD4-85ED-5631DEF4AC6B}.Release|Any CPU.ActiveCfg = Release|Any CPU
		{238EEA73-87A3-4FD4-85ED-5631DEF4AC6B}.Release|Any CPU.Build.0 = Release|Any CPU
		{BC1AB1A6-407D-4677-B4B5-B4852C7716F6}.Debug|Any CPU.ActiveCfg = Debug|Any CPU
		{BC1AB1A6-407D-4677-B4B5-B4852C7716F6}.Debug|Any CPU.Build.0 = Debug|Any CPU
		{BC1AB1A6-407D-4677-B4B5-B4852C7716F6}.Release|Any CPU.ActiveCfg = Release|Any CPU
		{BC1AB1A6-407D-4677-B4B5-B4852C7716F6}.Release|Any CPU.Build.0 = Release|Any CPU
		{DC2284E4-A934-4452-9965-990620386710}.Debug|Any CPU.ActiveCfg = Debug|Any CPU
		{DC2284E4-A934-4452-9965-990620386710}.Debug|Any CPU.Build.0 = Debug|Any CPU
		{DC2284E4-A934-4452-9965-990620386710}.Release|Any CPU.ActiveCfg = Release|Any CPU
		{DC2284E4-A934-4452-9965-990620386710}.Release|Any CPU.Build.0 = Release|Any CPU
		{553C97BD-27C3-41E4-BD41-8453D9D1FD8F}.Debug|Any CPU.ActiveCfg = Debug|Any CPU
		{553C97BD-27C3-41E4-BD41-8453D9D1FD8F}.Debug|Any CPU.Build.0 = Debug|Any CPU
		{553C97BD-27C3-41E4-BD41-8453D9D1FD8F}.Release|Any CPU.ActiveCfg = Release|Any CPU
		{553C97BD-27C3-41E4-BD41-8453D9D1FD8F}.Release|Any CPU.Build.0 = Release|Any CPU
		{28AEEA7A-8DEF-4D3B-AB6D-E2ED92CC5A00}.Debug|Any CPU.ActiveCfg = Debug|Any CPU
		{28AEEA7A-8DEF-4D3B-AB6D-E2ED92CC5A00}.Debug|Any CPU.Build.0 = Debug|Any CPU
		{28AEEA7A-8DEF-4D3B-AB6D-E2ED92CC5A00}.Release|Any CPU.ActiveCfg = Release|Any CPU
		{28AEEA7A-8DEF-4D3B-AB6D-E2ED92CC5A00}.Release|Any CPU.Build.0 = Release|Any CPU
		{7EC94E18-D8F6-43CA-9878-E1BBEBE128BC}.Debug|Any CPU.ActiveCfg = Debug|Any CPU
		{7EC94E18-D8F6-43CA-9878-E1BBEBE128BC}.Debug|Any CPU.Build.0 = Debug|Any CPU
		{7EC94E18-D8F6-43CA-9878-E1BBEBE128BC}.Release|Any CPU.ActiveCfg = Release|Any CPU
		{7EC94E18-D8F6-43CA-9878-E1BBEBE128BC}.Release|Any CPU.Build.0 = Release|Any CPU
		{7726C528-C0E7-4A8D-B7E6-55AA1CC430C7}.Debug|Any CPU.ActiveCfg = Debug|Any CPU
		{7726C528-C0E7-4A8D-B7E6-55AA1CC430C7}.Debug|Any CPU.Build.0 = Debug|Any CPU
		{7726C528-C0E7-4A8D-B7E6-55AA1CC430C7}.Release|Any CPU.ActiveCfg = Release|Any CPU
		{7726C528-C0E7-4A8D-B7E6-55AA1CC430C7}.Release|Any CPU.Build.0 = Release|Any CPU
		{F144C8EF-3512-40CF-8E8F-256CDA751B04}.Debug|Any CPU.ActiveCfg = Debug|Any CPU
		{F144C8EF-3512-40CF-8E8F-256CDA751B04}.Debug|Any CPU.Build.0 = Debug|Any CPU
		{F144C8EF-3512-40CF-8E8F-256CDA751B04}.Release|Any CPU.ActiveCfg = Release|Any CPU
		{F144C8EF-3512-40CF-8E8F-256CDA751B04}.Release|Any CPU.Build.0 = Release|Any CPU
		{73296499-9B8C-4446-B575-163199905B58}.Debug|Any CPU.ActiveCfg = Debug|Any CPU
		{73296499-9B8C-4446-B575-163199905B58}.Debug|Any CPU.Build.0 = Debug|Any CPU
		{73296499-9B8C-4446-B575-163199905B58}.Release|Any CPU.ActiveCfg = Release|Any CPU
		{73296499-9B8C-4446-B575-163199905B58}.Release|Any CPU.Build.0 = Release|Any CPU
		{F1906A49-247E-4E78-A2E8-82E0C1338091}.Debug|Any CPU.ActiveCfg = Debug|Any CPU
		{F1906A49-247E-4E78-A2E8-82E0C1338091}.Debug|Any CPU.Build.0 = Debug|Any CPU
		{F1906A49-247E-4E78-A2E8-82E0C1338091}.Release|Any CPU.ActiveCfg = Release|Any CPU
		{F1906A49-247E-4E78-A2E8-82E0C1338091}.Release|Any CPU.Build.0 = Release|Any CPU
		{E761443D-5F56-411C-9B7C-BE44EC4820EE}.Debug|Any CPU.ActiveCfg = Debug|Any CPU
		{E761443D-5F56-411C-9B7C-BE44EC4820EE}.Debug|Any CPU.Build.0 = Debug|Any CPU
		{E761443D-5F56-411C-9B7C-BE44EC4820EE}.Release|Any CPU.ActiveCfg = Release|Any CPU
		{E761443D-5F56-411C-9B7C-BE44EC4820EE}.Release|Any CPU.Build.0 = Release|Any CPU
		{93CC2E4D-CE9B-4F3C-998A-B56E1CEAF1B2}.Debug|Any CPU.ActiveCfg = Debug|Any CPU
		{93CC2E4D-CE9B-4F3C-998A-B56E1CEAF1B2}.Debug|Any CPU.Build.0 = Debug|Any CPU
		{93CC2E4D-CE9B-4F3C-998A-B56E1CEAF1B2}.Release|Any CPU.ActiveCfg = Release|Any CPU
		{93CC2E4D-CE9B-4F3C-998A-B56E1CEAF1B2}.Release|Any CPU.Build.0 = Release|Any CPU
	EndGlobalSection
	GlobalSection(SolutionProperties) = preSolution
		HideSolutionNode = FALSE
	EndGlobalSection
	GlobalSection(ExtensibilityGlobals) = postSolution
		SolutionGuid = {DB334106-A972-4FAA-823D-05E7B39A6923}
	EndGlobalSection
EndGlobal
